// !$*UTF8*$!
{
	archiveVersion = 1;
	classes = {
	};
	objectVersion = 50;
	objects = {

/* Begin PBXBuildFile section */
		EB00F40527D55B6C00C0A5C8 /* UITextFields+Marvel.swift in Sources */ = {isa = PBXBuildFile; fileRef = EB00F40427D55B6C00C0A5C8 /* UITextFields+Marvel.swift */; };
		EB54CB2327D2945D0070B00A /* AppDelegate.swift in Sources */ = {isa = PBXBuildFile; fileRef = EB54CB2227D2945C0070B00A /* AppDelegate.swift */; };
		EB54CB2527D2945D0070B00A /* SceneDelegate.swift in Sources */ = {isa = PBXBuildFile; fileRef = EB54CB2427D2945D0070B00A /* SceneDelegate.swift */; };
		EB54CB2727D2945D0070B00A /* LoginViewController.swift in Sources */ = {isa = PBXBuildFile; fileRef = EB54CB2627D2945D0070B00A /* LoginViewController.swift */; };
		EB54CB2A27D2945D0070B00A /* Main.storyboard in Resources */ = {isa = PBXBuildFile; fileRef = EB54CB2827D2945D0070B00A /* Main.storyboard */; };
		EB54CB2C27D294690070B00A /* Assets.xcassets in Resources */ = {isa = PBXBuildFile; fileRef = EB54CB2B27D294690070B00A /* Assets.xcassets */; };
		EB54CB2F27D294690070B00A /* LaunchScreen.storyboard in Resources */ = {isa = PBXBuildFile; fileRef = EB54CB2D27D294690070B00A /* LaunchScreen.storyboard */; };
/* End PBXBuildFile section */

/* Begin PBXFileReference section */
		EB00F40427D55B6C00C0A5C8 /* UITextFields+Marvel.swift */ = {isa = PBXFileReference; lastKnownFileType = sourcecode.swift; path = "UITextFields+Marvel.swift"; sourceTree = "<group>"; };
		EB54CB1F27D2945C0070B00A /* Marvel Challenge.app */ = {isa = PBXFileReference; explicitFileType = wrapper.application; includeInIndex = 0; path = "Marvel Challenge.app"; sourceTree = BUILT_PRODUCTS_DIR; };
		EB54CB2227D2945C0070B00A /* AppDelegate.swift */ = {isa = PBXFileReference; lastKnownFileType = sourcecode.swift; path = AppDelegate.swift; sourceTree = "<group>"; };
		EB54CB2427D2945D0070B00A /* SceneDelegate.swift */ = {isa = PBXFileReference; lastKnownFileType = sourcecode.swift; path = SceneDelegate.swift; sourceTree = "<group>"; };
		EB54CB2627D2945D0070B00A /* LoginViewController.swift */ = {isa = PBXFileReference; lastKnownFileType = sourcecode.swift; path = LoginViewController.swift; sourceTree = "<group>"; };
		EB54CB2927D2945D0070B00A /* Base */ = {isa = PBXFileReference; lastKnownFileType = file.storyboard; name = Base; path = Base.lproj/Main.storyboard; sourceTree = "<group>"; };
		EB54CB2B27D294690070B00A /* Assets.xcassets */ = {isa = PBXFileReference; lastKnownFileType = folder.assetcatalog; path = Assets.xcassets; sourceTree = "<group>"; };
		EB54CB2E27D294690070B00A /* Base */ = {isa = PBXFileReference; lastKnownFileType = file.storyboard; name = Base; path = Base.lproj/LaunchScreen.storyboard; sourceTree = "<group>"; };
		EB54CB3027D294690070B00A /* Info.plist */ = {isa = PBXFileReference; lastKnownFileType = text.plist.xml; path = Info.plist; sourceTree = "<group>"; };
/* End PBXFileReference section */

/* Begin PBXFrameworksBuildPhase section */
		EB54CB1C27D2945C0070B00A /* Frameworks */ = {
			isa = PBXFrameworksBuildPhase;
			buildActionMask = 2147483647;
			files = (
			);
			runOnlyForDeploymentPostprocessing = 0;
		};
/* End PBXFrameworksBuildPhase section */

/* Begin PBXGroup section */
		EB00F40027D5543F00C0A5C8 /* Source */ = {
			isa = PBXGroup;
			children = (
				EB00F40327D55B3600C0A5C8 /* Utils */,
				EB54CB3927D2952C0070B00A /* Controller */,
				EB54CB3827D295290070B00A /* View */,
				EB54CB3727D295160070B00A /* Model */,
			);
			path = Source;
			sourceTree = "<group>";
		};
		EB00F40327D55B3600C0A5C8 /* Utils */ = {
			isa = PBXGroup;
			children = (
				EB00F40827D55B7A00C0A5C8 /* Extensions */,
			);
			path = Utils;
			sourceTree = "<group>";
		};
		EB00F40827D55B7A00C0A5C8 /* Extensions */ = {
			isa = PBXGroup;
			children = (
				EB00F40427D55B6C00C0A5C8 /* UITextFields+Marvel.swift */,
			);
			path = Extensions;
			sourceTree = "<group>";
		};
		EB54CB1627D2945C0070B00A = {
			isa = PBXGroup;
			children = (
				EB54CB2127D2945C0070B00A /* Marvel Challenge */,
				EB54CB2027D2945C0070B00A /* Products */,
			);
			sourceTree = "<group>";
		};
		EB54CB2027D2945C0070B00A /* Products */ = {
			isa = PBXGroup;
			children = (
				EB54CB1F27D2945C0070B00A /* Marvel Challenge.app */,
			);
			name = Products;
			sourceTree = "<group>";
		};
		EB54CB2127D2945C0070B00A /* Marvel Challenge */ = {
			isa = PBXGroup;
			children = (
				EB00F40027D5543F00C0A5C8 /* Source */,
				EB54CB2227D2945C0070B00A /* AppDelegate.swift */,
				EB54CB2427D2945D0070B00A /* SceneDelegate.swift */,
				EB54CB2D27D294690070B00A /* LaunchScreen.storyboard */,
				EB54CB2B27D294690070B00A /* Assets.xcassets */,
				EB54CB3027D294690070B00A /* Info.plist */,
			);
			path = "Marvel Challenge";
			sourceTree = "<group>";
		};
		EB54CB3727D295160070B00A /* Model */ = {
			isa = PBXGroup;
			children = (
			);
			path = Model;
			sourceTree = "<group>";
		};
		EB54CB3827D295290070B00A /* View */ = {
			isa = PBXGroup;
			children = (
				EB54CB2827D2945D0070B00A /* Main.storyboard */,
			);
			path = View;
			sourceTree = "<group>";
		};
		EB54CB3927D2952C0070B00A /* Controller */ = {
			isa = PBXGroup;
			children = (
				EB54CB2627D2945D0070B00A /* LoginViewController.swift */,
			);
			path = Controller;
			sourceTree = "<group>";
		};
/* End PBXGroup section */

/* Begin PBXNativeTarget section */
		EB54CB1E27D2945C0070B00A /* Marvel Challenge */ = {
			isa = PBXNativeTarget;
			buildConfigurationList = EB54CB3327D294690070B00A /* Build configuration list for PBXNativeTarget "Marvel Challenge" */;
			buildPhases = (
				EB54CB1B27D2945C0070B00A /* Sources */,
				EB54CB1C27D2945C0070B00A /* Frameworks */,
				EB54CB1D27D2945C0070B00A /* Resources */,
			);
			buildRules = (
			);
			dependencies = (
			);
			name = "Marvel Challenge";
			productName = "Marvel Challenge";
			productReference = EB54CB1F27D2945C0070B00A /* Marvel Challenge.app */;
			productType = "com.apple.product-type.application";
		};
/* End PBXNativeTarget section */

/* Begin PBXProject section */
		EB54CB1727D2945C0070B00A /* Project object */ = {
			isa = PBXProject;
			attributes = {
				LastSwiftUpdateCheck = 1240;
				LastUpgradeCheck = 1240;
				TargetAttributes = {
					EB54CB1E27D2945C0070B00A = {
						CreatedOnToolsVersion = 12.4;
					};
				};
			};
			buildConfigurationList = EB54CB1A27D2945C0070B00A /* Build configuration list for PBXProject "Marvel Challenge" */;
			compatibilityVersion = "Xcode 9.3";
			developmentRegion = en;
			hasScannedForEncodings = 0;
			knownRegions = (
				en,
				Base,
			);
			mainGroup = EB54CB1627D2945C0070B00A;
			productRefGroup = EB54CB2027D2945C0070B00A /* Products */;
			projectDirPath = "";
			projectRoot = "";
			targets = (
				EB54CB1E27D2945C0070B00A /* Marvel Challenge */,
			);
		};
/* End PBXProject section */

/* Begin PBXResourcesBuildPhase section */
		EB54CB1D27D2945C0070B00A /* Resources */ = {
			isa = PBXResourcesBuildPhase;
			buildActionMask = 2147483647;
			files = (
				EB54CB2F27D294690070B00A /* LaunchScreen.storyboard in Resources */,
				EB54CB2C27D294690070B00A /* Assets.xcassets in Resources */,
				EB54CB2A27D2945D0070B00A /* Main.storyboard in Resources */,
			);
			runOnlyForDeploymentPostprocessing = 0;
		};
/* End PBXResourcesBuildPhase section */

/* Begin PBXSourcesBuildPhase section */
		EB54CB1B27D2945C0070B00A /* Sources */ = {
			isa = PBXSourcesBuildPhase;
			buildActionMask = 2147483647;
			files = (
				EB00F40527D55B6C00C0A5C8 /* UITextFields+Marvel.swift in Sources */,
				EB54CB2727D2945D0070B00A /* LoginViewController.swift in Sources */,
				EB54CB2327D2945D0070B00A /* AppDelegate.swift in Sources */,
				EB54CB2527D2945D0070B00A /* SceneDelegate.swift in Sources */,
			);
			runOnlyForDeploymentPostprocessing = 0;
		};
/* End PBXSourcesBuildPhase section */

/* Begin PBXVariantGroup section */
		EB54CB2827D2945D0070B00A /* Main.storyboard */ = {
			isa = PBXVariantGroup;
			children = (
				EB54CB2927D2945D0070B00A /* Base */,
			);
			name = Main.storyboard;
			sourceTree = "<group>";
		};
		EB54CB2D27D294690070B00A /* LaunchScreen.storyboard */ = {
			isa = PBXVariantGroup;
			children = (
				EB54CB2E27D294690070B00A /* Base */,
			);
			name = LaunchScreen.storyboard;
			sourceTree = "<group>";
		};
/* End PBXVariantGroup section */

/* Begin XCBuildConfiguration section */
		EB54CB3127D294690070B00A /* Debug */ = {
			isa = XCBuildConfiguration;
			buildSettings = {
				ALWAYS_SEARCH_USER_PATHS = NO;
				CLANG_ANALYZER_NONNULL = YES;
				CLANG_ANALYZER_NUMBER_OBJECT_CONVERSION = YES_AGGRESSIVE;
				CLANG_CXX_LANGUAGE_STANDARD = "gnu++14";
				CLANG_CXX_LIBRARY = "libc++";
				CLANG_ENABLE_MODULES = YES;
				CLANG_ENABLE_OBJC_ARC = YES;
				CLANG_ENABLE_OBJC_WEAK = YES;
				CLANG_WARN_BLOCK_CAPTURE_AUTORELEASING = YES;
				CLANG_WARN_BOOL_CONVERSION = YES;
				CLANG_WARN_COMMA = YES;
				CLANG_WARN_CONSTANT_CONVERSION = YES;
				CLANG_WARN_DEPRECATED_OBJC_IMPLEMENTATIONS = YES;
				CLANG_WARN_DIRECT_OBJC_ISA_USAGE = YES_ERROR;
				CLANG_WARN_DOCUMENTATION_COMMENTS = YES;
				CLANG_WARN_EMPTY_BODY = YES;
				CLANG_WARN_ENUM_CONVERSION = YES;
				CLANG_WARN_INFINITE_RECURSION = YES;
				CLANG_WARN_INT_CONVERSION = YES;
				CLANG_WARN_NON_LITERAL_NULL_CONVERSION = YES;
				CLANG_WARN_OBJC_IMPLICIT_RETAIN_SELF = YES;
				CLANG_WARN_OBJC_LITERAL_CONVERSION = YES;
				CLANG_WARN_OBJC_ROOT_CLASS = YES_ERROR;
				CLANG_WARN_QUOTED_INCLUDE_IN_FRAMEWORK_HEADER = YES;
				CLANG_WARN_RANGE_LOOP_ANALYSIS = YES;
				CLANG_WARN_STRICT_PROTOTYPES = YES;
				CLANG_WARN_SUSPICIOUS_MOVE = YES;
				CLANG_WARN_UNGUARDED_AVAILABILITY = YES_AGGRESSIVE;
				CLANG_WARN_UNREACHABLE_CODE = YES;
				CLANG_WARN__DUPLICATE_METHOD_MATCH = YES;
				COPY_PHASE_STRIP = NO;
				DEBUG_INFORMATION_FORMAT = dwarf;
				ENABLE_STRICT_OBJC_MSGSEND = YES;
				ENABLE_TESTABILITY = YES;
				GCC_C_LANGUAGE_STANDARD = gnu11;
				GCC_DYNAMIC_NO_PIC = NO;
				GCC_NO_COMMON_BLOCKS = YES;
				GCC_OPTIMIZATION_LEVEL = 0;
				GCC_PREPROCESSOR_DEFINITIONS = (
					"DEBUG=1",
					"$(inherited)",
				);
				GCC_WARN_64_TO_32_BIT_CONVERSION = YES;
				GCC_WARN_ABOUT_RETURN_TYPE = YES_ERROR;
				GCC_WARN_UNDECLARED_SELECTOR = YES;
				GCC_WARN_UNINITIALIZED_AUTOS = YES_AGGRESSIVE;
				GCC_WARN_UNUSED_FUNCTION = YES;
				GCC_WARN_UNUSED_VARIABLE = YES;
				IPHONEOS_DEPLOYMENT_TARGET = 14.4;
				MTL_ENABLE_DEBUG_INFO = INCLUDE_SOURCE;
				MTL_FAST_MATH = YES;
				ONLY_ACTIVE_ARCH = YES;
				SDKROOT = iphoneos;
				SWIFT_ACTIVE_COMPILATION_CONDITIONS = DEBUG;
				SWIFT_OPTIMIZATION_LEVEL = "-Onone";
			};
			name = Debug;
		};
		EB54CB3227D294690070B00A /* Release */ = {
			isa = XCBuildConfiguration;
			buildSettings = {
				ALWAYS_SEARCH_USER_PATHS = NO;
				CLANG_ANALYZER_NONNULL = YES;
				CLANG_ANALYZER_NUMBER_OBJECT_CONVERSION = YES_AGGRESSIVE;
				CLANG_CXX_LANGUAGE_STANDARD = "gnu++14";
				CLANG_CXX_LIBRARY = "libc++";
				CLANG_ENABLE_MODULES = YES;
				CLANG_ENABLE_OBJC_ARC = YES;
				CLANG_ENABLE_OBJC_WEAK = YES;
				CLANG_WARN_BLOCK_CAPTURE_AUTORELEASING = YES;
				CLANG_WARN_BOOL_CONVERSION = YES;
				CLANG_WARN_COMMA = YES;
				CLANG_WARN_CONSTANT_CONVERSION = YES;
				CLANG_WARN_DEPRECATED_OBJC_IMPLEMENTATIONS = YES;
				CLANG_WARN_DIRECT_OBJC_ISA_USAGE = YES_ERROR;
				CLANG_WARN_DOCUMENTATION_COMMENTS = YES;
				CLANG_WARN_EMPTY_BODY = YES;
				CLANG_WARN_ENUM_CONVERSION = YES;
				CLANG_WARN_INFINITE_RECURSION = YES;
				CLANG_WARN_INT_CONVERSION = YES;
				CLANG_WARN_NON_LITERAL_NULL_CONVERSION = YES;
				CLANG_WARN_OBJC_IMPLICIT_RETAIN_SELF = YES;
				CLANG_WARN_OBJC_LITERAL_CONVERSION = YES;
				CLANG_WARN_OBJC_ROOT_CLASS = YES_ERROR;
				CLANG_WARN_QUOTED_INCLUDE_IN_FRAMEWORK_HEADER = YES;
				CLANG_WARN_RANGE_LOOP_ANALYSIS = YES;
				CLANG_WARN_STRICT_PROTOTYPES = YES;
				CLANG_WARN_SUSPICIOUS_MOVE = YES;
				CLANG_WARN_UNGUARDED_AVAILABILITY = YES_AGGRESSIVE;
				CLANG_WARN_UNREACHABLE_CODE = YES;
				CLANG_WARN__DUPLICATE_METHOD_MATCH = YES;
				COPY_PHASE_STRIP = NO;
				DEBUG_INFORMATION_FORMAT = "dwarf-with-dsym";
				ENABLE_NS_ASSERTIONS = NO;
				ENABLE_STRICT_OBJC_MSGSEND = YES;
				GCC_C_LANGUAGE_STANDARD = gnu11;
				GCC_NO_COMMON_BLOCKS = YES;
				GCC_WARN_64_TO_32_BIT_CONVERSION = YES;
				GCC_WARN_ABOUT_RETURN_TYPE = YES_ERROR;
				GCC_WARN_UNDECLARED_SELECTOR = YES;
				GCC_WARN_UNINITIALIZED_AUTOS = YES_AGGRESSIVE;
				GCC_WARN_UNUSED_FUNCTION = YES;
				GCC_WARN_UNUSED_VARIABLE = YES;
				IPHONEOS_DEPLOYMENT_TARGET = 14.4;
				MTL_ENABLE_DEBUG_INFO = NO;
				MTL_FAST_MATH = YES;
				SDKROOT = iphoneos;
				SWIFT_COMPILATION_MODE = wholemodule;
				SWIFT_OPTIMIZATION_LEVEL = "-O";
				VALIDATE_PRODUCT = YES;
			};
			name = Release;
		};
		EB54CB3427D294690070B00A /* Debug */ = {
			isa = XCBuildConfiguration;
			buildSettings = {
				ASSETCATALOG_COMPILER_APPICON_NAME = AppIcon;
				ASSETCATALOG_COMPILER_GLOBAL_ACCENT_COLOR_NAME = AccentColor;
				CODE_SIGN_STYLE = Automatic;
				INFOPLIST_FILE = "Marvel Challenge/Info.plist";
				LD_RUNPATH_SEARCH_PATHS = (
					"$(inherited)",
					"@executable_path/Frameworks",
				);
				PRODUCT_BUNDLE_IDENTIFIER = "com.pedrovalderrama.testingSi123.Marvel-Challenge";
				PRODUCT_NAME = "$(TARGET_NAME)";
				SWIFT_VERSION = 5.0;
				TARGETED_DEVICE_FAMILY = "1,2";
			};
			name = Debug;
		};
		EB54CB3527D294690070B00A /* Release */ = {
			isa = XCBuildConfiguration;
			buildSettings = {
				ASSETCATALOG_COMPILER_APPICON_NAME = AppIcon;
				ASSETCATALOG_COMPILER_GLOBAL_ACCENT_COLOR_NAME = AccentColor;
				CODE_SIGN_STYLE = Automatic;
				INFOPLIST_FILE = "Marvel Challenge/Info.plist";
				LD_RUNPATH_SEARCH_PATHS = (
					"$(inherited)",
					"@executable_path/Frameworks",
				);
				PRODUCT_BUNDLE_IDENTIFIER = "com.pedrovalderrama.testingSi123.Marvel-Challenge";
				PRODUCT_NAME = "$(TARGET_NAME)";
				SWIFT_VERSION = 5.0;
				TARGETED_DEVICE_FAMILY = "1,2";
			};
			name = Release;
		};
/* End XCBuildConfiguration section */

/* Begin XCConfigurationList section */
		EB54CB1A27D2945C0070B00A /* Build configuration list for PBXProject "Marvel Challenge" */ = {
			isa = XCConfigurationList;
			buildConfigurations = (
				EB54CB3127D294690070B00A /* Debug */,
				EB54CB3227D294690070B00A /* Release */,
			);
			defaultConfigurationIsVisible = 0;
			defaultConfigurationName = Release;
		};
		EB54CB3327D294690070B00A /* Build configuration list for PBXNativeTarget "Marvel Challenge" */ = {
			isa = XCConfigurationList;
			buildConfigurations = (
				EB54CB3427D294690070B00A /* Debug */,
				EB54CB3527D294690070B00A /* Release */,
			);
			defaultConfigurationIsVisible = 0;
			defaultConfigurationName = Release;
		};
/* End XCConfigurationList section */
	};
	rootObject = EB54CB1727D2945C0070B00A /* Project object */;
}
